
Microsoft Visual Studio Solution File, Format Version 12.00
# Visual Studio Version 17
VisualStudioVersion = 17.0.31903.59
MinimumVisualStudioVersion = 10.0.40219.1
Project("{FAE04EC0-301F-11D3-BF4B-00C04F79EFBC}") = "13_Task_WPF", "13_Task_WPF\13_Task_WPF.csproj", "{7E1D75B9-1A01-4F85-86F4-EB98CAC53169}"
EndProject
Global
	GlobalSection(SolutionConfigurationPlatforms) = preSolution
		Debug|Any CPU = Debug|Any CPU
		Release|Any CPU = Release|Any CPU
	EndGlobalSection
	GlobalSection(ProjectConfigurationPlatforms) = postSolution
		{7E1D75B9-1A01-4F85-86F4-EB98CAC53169}.Debug|Any CPU.ActiveCfg = Debug|Any CPU
		{7E1D75B9-1A01-4F85-86F4-EB98CAC53169}.Debug|Any CPU.Build.0 = Debug|Any CPU
		{7E1D75B9-1A01-4F85-86F4-EB98CAC53169}.Release|Any CPU.ActiveCfg = Release|Any CPU
		{7E1D75B9-1A01-4F85-86F4-EB98CAC53169}.Release|Any CPU.Build.0 = Release|Any CPU
	EndGlobalSection
	GlobalSection(SolutionProperties) = preSolution
		HideSolutionNode = FALSE
	EndGlobalSection
	GlobalSection(ExtensibilityGlobals) = postSolution
		SolutionGuid = {6A763030-6E41-4902-963F-2EFDF38080CE}
	EndGlobalSection
EndGlobal
